// !$*UTF8*$!
{
	archiveVersion = 1;
	classes = {
	};
	objectVersion = 48;
	objects = {

/* Begin PBXBuildFile section */
		1587002D1EF9AF240072531D /* LoginViewController.swift in Sources */ = {isa = PBXBuildFile; fileRef = 1587002C1EF9AF240072531D /* LoginViewController.swift */; };
		1587002F1EF9AF2E0072531D /* SignupViewController.swift in Sources */ = {isa = PBXBuildFile; fileRef = 1587002E1EF9AF2E0072531D /* SignupViewController.swift */; };
		158700321EF9B1910072531D /* FUser.swift in Sources */ = {isa = PBXBuildFile; fileRef = 158700311EF9B1910072531D /* FUser.swift */; };
		15C02D3A1EFADCF1001A7C18 /* Localizable.strings in Resources */ = {isa = PBXBuildFile; fileRef = 15C02D3C1EFADCF1001A7C18 /* Localizable.strings */; };
		1803C8D01EF6B99800012301 /* AllListsViewController.swift in Sources */ = {isa = PBXBuildFile; fileRef = 1803C8CF1EF6B99800012301 /* AllListsViewController.swift */; };
		1803C8D11EF6BA8400012301 /* GoogleService-Info.plist in Resources */ = {isa = PBXBuildFile; fileRef = 1803C8CE1EF6B6D700012301 /* GoogleService-Info.plist */; };
		1803C8D21EF6BABC00012301 /* Info.plist in Resources */ = {isa = PBXBuildFile; fileRef = 183008961EF5C0BF0047BBC5 /* Info.plist */; };
		1803C8D41EF6BCBE00012301 /* ShoppingItemViewController.swift in Sources */ = {isa = PBXBuildFile; fileRef = 1803C8D31EF6BCBE00012301 /* ShoppingItemViewController.swift */; };
		1803C8D61EF6BF1700012301 /* ShoppingList.swift in Sources */ = {isa = PBXBuildFile; fileRef = 1803C8D51EF6BF1700012301 /* ShoppingList.swift */; };
		1803C8D81EF6C07B00012301 /* Constants.swift in Sources */ = {isa = PBXBuildFile; fileRef = 1803C8D71EF6C07B00012301 /* Constants.swift */; };
		1803C8DA1EF6C13700012301 /* Utilities.swift in Sources */ = {isa = PBXBuildFile; fileRef = 1803C8D91EF6C13700012301 /* Utilities.swift */; };
		1803C8DF1EF6CDFD00012301 /* ListCell.swift in Sources */ = {isa = PBXBuildFile; fileRef = 1803C8DE1EF6CDFD00012301 /* ListCell.swift */; };
		1815191B1EF6F0CE00F157AA /* ShoppingItem.swift in Sources */ = {isa = PBXBuildFile; fileRef = 1815191A1EF6F0CE00F157AA /* ShoppingItem.swift */; };
		1815191D1EF6F5EF00F157AA /* AddItemViewController.swift in Sources */ = {isa = PBXBuildFile; fileRef = 1815191C1EF6F5EF00F157AA /* AddItemViewController.swift */; };
		1815191F1EF6FC0700F157AA /* ShoppingItemCell.swift in Sources */ = {isa = PBXBuildFile; fileRef = 1815191E1EF6FC0700F157AA /* ShoppingItemCell.swift */; };
		181519211EF7065900F157AA /* SwipeTableViewHelpers.swift in Sources */ = {isa = PBXBuildFile; fileRef = 181519201EF7065900F157AA /* SwipeTableViewHelpers.swift */; };
		1830088B1EF5C0BF0047BBC5 /* AppDelegate.swift in Sources */ = {isa = PBXBuildFile; fileRef = 1830088A1EF5C0BF0047BBC5 /* AppDelegate.swift */; };
		183008901EF5C0BF0047BBC5 /* Main.storyboard in Resources */ = {isa = PBXBuildFile; fileRef = 1830088E1EF5C0BF0047BBC5 /* Main.storyboard */; };
		183008921EF5C0BF0047BBC5 /* Assets.xcassets in Resources */ = {isa = PBXBuildFile; fileRef = 183008911EF5C0BF0047BBC5 /* Assets.xcassets */; };
		1845A8EC1EF84EAA00930F04 /* Camera.swift in Sources */ = {isa = PBXBuildFile; fileRef = 1845A8EB1EF84EAA00930F04 /* Camera.swift */; };
		1845A8EE1EF85CF700930F04 /* SearchItemViewController.swift in Sources */ = {isa = PBXBuildFile; fileRef = 1845A8ED1EF85CF700930F04 /* SearchItemViewController.swift */; };
		1845A8F01EF85E9800930F04 /* GroceryItem.swift in Sources */ = {isa = PBXBuildFile; fileRef = 1845A8EF1EF85E9800930F04 /* GroceryItem.swift */; };
		1845A8F21EF98DA400930F04 /* SettingsViewController.swift in Sources */ = {isa = PBXBuildFile; fileRef = 1845A8F11EF98DA400930F04 /* SettingsViewController.swift */; };
		18F79F8E1EFAF44600FCEF99 /* InfoPlist.strings in Resources */ = {isa = PBXBuildFile; fileRef = 18F79F901EFAF44600FCEF99 /* InfoPlist.strings */; };
		18F79F931EFAFD9C00FCEF99 /* LaunchScreen.storyboard in Resources */ = {isa = PBXBuildFile; fileRef = 18F79F921EFAFD9C00FCEF99 /* LaunchScreen.storyboard */; };
		810605F4352DDEEB7F4360FE /* Pods_ShopList.framework in Frameworks */ = {isa = PBXBuildFile; fileRef = 81404F97068B4A0265F29BE8 /* Pods_ShopList.framework */; };
/* End PBXBuildFile section */

/* Begin PBXFileReference section */
		1587002C1EF9AF240072531D /* LoginViewController.swift */ = {isa = PBXFileReference; lastKnownFileType = sourcecode.swift; path = LoginViewController.swift; sourceTree = "<group>"; };
		1587002E1EF9AF2E0072531D /* SignupViewController.swift */ = {isa = PBXFileReference; lastKnownFileType = sourcecode.swift; path = SignupViewController.swift; sourceTree = "<group>"; };
		158700311EF9B1910072531D /* FUser.swift */ = {isa = PBXFileReference; lastKnownFileType = sourcecode.swift; path = FUser.swift; sourceTree = "<group>"; };
		15C02D371EFADCD9001A7C18 /* ru */ = {isa = PBXFileReference; lastKnownFileType = text.plist.strings; name = ru; path = ru.lproj/Main.strings; sourceTree = "<group>"; };
		15C02D3B1EFADCF1001A7C18 /* ru */ = {isa = PBXFileReference; lastKnownFileType = text.plist.strings; name = ru; path = ru.lproj/Localizable.strings; sourceTree = "<group>"; };
		1803C8CE1EF6B6D700012301 /* GoogleService-Info.plist */ = {isa = PBXFileReference; lastKnownFileType = text.plist.xml; path = "GoogleService-Info.plist"; sourceTree = "<group>"; };
		1803C8CF1EF6B99800012301 /* AllListsViewController.swift */ = {isa = PBXFileReference; lastKnownFileType = sourcecode.swift; path = AllListsViewController.swift; sourceTree = "<group>"; };
		1803C8D31EF6BCBE00012301 /* ShoppingItemViewController.swift */ = {isa = PBXFileReference; lastKnownFileType = sourcecode.swift; path = ShoppingItemViewController.swift; sourceTree = "<group>"; };
		1803C8D51EF6BF1700012301 /* ShoppingList.swift */ = {isa = PBXFileReference; lastKnownFileType = sourcecode.swift; path = ShoppingList.swift; sourceTree = "<group>"; };
		1803C8D71EF6C07B00012301 /* Constants.swift */ = {isa = PBXFileReference; lastKnownFileType = sourcecode.swift; path = Constants.swift; sourceTree = "<group>"; };
		1803C8D91EF6C13700012301 /* Utilities.swift */ = {isa = PBXFileReference; lastKnownFileType = sourcecode.swift; path = Utilities.swift; sourceTree = "<group>"; };
		1803C8DE1EF6CDFD00012301 /* ListCell.swift */ = {isa = PBXFileReference; lastKnownFileType = sourcecode.swift; path = ListCell.swift; sourceTree = "<group>"; };
		1815191A1EF6F0CE00F157AA /* ShoppingItem.swift */ = {isa = PBXFileReference; lastKnownFileType = sourcecode.swift; path = ShoppingItem.swift; sourceTree = "<group>"; };
		1815191C1EF6F5EF00F157AA /* AddItemViewController.swift */ = {isa = PBXFileReference; lastKnownFileType = sourcecode.swift; path = AddItemViewController.swift; sourceTree = "<group>"; };
		1815191E1EF6FC0700F157AA /* ShoppingItemCell.swift */ = {isa = PBXFileReference; lastKnownFileType = sourcecode.swift; path = ShoppingItemCell.swift; sourceTree = "<group>"; };
		181519201EF7065900F157AA /* SwipeTableViewHelpers.swift */ = {isa = PBXFileReference; lastKnownFileType = sourcecode.swift; path = SwipeTableViewHelpers.swift; sourceTree = "<group>"; };
		183008871EF5C0BF0047BBC5 /* ShopList.app */ = {isa = PBXFileReference; explicitFileType = wrapper.application; includeInIndex = 0; path = ShopList.app; sourceTree = BUILT_PRODUCTS_DIR; };
		1830088A1EF5C0BF0047BBC5 /* AppDelegate.swift */ = {isa = PBXFileReference; lastKnownFileType = sourcecode.swift; path = AppDelegate.swift; sourceTree = "<group>"; };
		1830088F1EF5C0BF0047BBC5 /* Base */ = {isa = PBXFileReference; lastKnownFileType = file.storyboard; name = Base; path = Base.lproj/Main.storyboard; sourceTree = "<group>"; };
		183008911EF5C0BF0047BBC5 /* Assets.xcassets */ = {isa = PBXFileReference; lastKnownFileType = folder.assetcatalog; path = Assets.xcassets; sourceTree = "<group>"; };
		183008961EF5C0BF0047BBC5 /* Info.plist */ = {isa = PBXFileReference; lastKnownFileType = text.plist.xml; path = Info.plist; sourceTree = "<group>"; };
		1845A8EB1EF84EAA00930F04 /* Camera.swift */ = {isa = PBXFileReference; lastKnownFileType = sourcecode.swift; path = Camera.swift; sourceTree = "<group>"; };
		1845A8ED1EF85CF700930F04 /* SearchItemViewController.swift */ = {isa = PBXFileReference; lastKnownFileType = sourcecode.swift; path = SearchItemViewController.swift; sourceTree = "<group>"; };
		1845A8EF1EF85E9800930F04 /* GroceryItem.swift */ = {isa = PBXFileReference; lastKnownFileType = sourcecode.swift; path = GroceryItem.swift; sourceTree = "<group>"; };
		1845A8F11EF98DA400930F04 /* SettingsViewController.swift */ = {isa = PBXFileReference; lastKnownFileType = sourcecode.swift; path = SettingsViewController.swift; sourceTree = "<group>"; };
		18F79F8F1EFAF44600FCEF99 /* en */ = {isa = PBXFileReference; lastKnownFileType = text.plist.strings; name = en; path = en.lproj/InfoPlist.strings; sourceTree = "<group>"; };
		18F79F911EFAF44D00FCEF99 /* ru */ = {isa = PBXFileReference; lastKnownFileType = text.plist.strings; name = ru; path = ru.lproj/InfoPlist.strings; sourceTree = "<group>"; };
		18F79F921EFAFD9C00FCEF99 /* LaunchScreen.storyboard */ = {isa = PBXFileReference; lastKnownFileType = file.storyboard; path = LaunchScreen.storyboard; sourceTree = "<group>"; };
		68801C07C60A74982C25D409 /* Pods-ShopList.release.xcconfig */ = {isa = PBXFileReference; includeInIndex = 1; lastKnownFileType = text.xcconfig; name = "Pods-ShopList.release.xcconfig"; path = "Pods/Target Support Files/Pods-ShopList/Pods-ShopList.release.xcconfig"; sourceTree = "<group>"; };
		81404F97068B4A0265F29BE8 /* Pods_ShopList.framework */ = {isa = PBXFileReference; explicitFileType = wrapper.framework; includeInIndex = 0; path = Pods_ShopList.framework; sourceTree = BUILT_PRODUCTS_DIR; };
		84602FDDCC1713D08D990DC3 /* Pods-ShopList.debug.xcconfig */ = {isa = PBXFileReference; includeInIndex = 1; lastKnownFileType = text.xcconfig; name = "Pods-ShopList.debug.xcconfig"; path = "Pods/Target Support Files/Pods-ShopList/Pods-ShopList.debug.xcconfig"; sourceTree = "<group>"; };
/* End PBXFileReference section */

/* Begin PBXFrameworksBuildPhase section */
		183008841EF5C0BF0047BBC5 /* Frameworks */ = {
			isa = PBXFrameworksBuildPhase;
			buildActionMask = 2147483647;
			files = (
				810605F4352DDEEB7F4360FE /* Pods_ShopList.framework in Frameworks */,
			);
			runOnlyForDeploymentPostprocessing = 0;
		};
/* End PBXFrameworksBuildPhase section */

/* Begin PBXGroup section */
		158700301EF9AF350072531D /* Welcome Screens */ = {
			isa = PBXGroup;
			children = (
				1587002C1EF9AF240072531D /* LoginViewController.swift */,
				1587002E1EF9AF2E0072531D /* SignupViewController.swift */,
			);
			path = "Welcome Screens";
			sourceTree = "<group>";
		};
		1803C8DB1EF6C59E00012301 /* Model */ = {
			isa = PBXGroup;
			children = (
				1803C8D51EF6BF1700012301 /* ShoppingList.swift */,
				158700311EF9B1910072531D /* FUser.swift */,
				1815191A1EF6F0CE00F157AA /* ShoppingItem.swift */,
				1845A8EF1EF85E9800930F04 /* GroceryItem.swift */,
			);
			path = Model;
			sourceTree = "<group>";
		};
		1803C8DC1EF6C5A200012301 /* Helpers */ = {
			isa = PBXGroup;
			children = (
				1803C8D91EF6C13700012301 /* Utilities.swift */,
				1845A8EB1EF84EAA00930F04 /* Camera.swift */,
				181519201EF7065900F157AA /* SwipeTableViewHelpers.swift */,
				1803C8D71EF6C07B00012301 /* Constants.swift */,
			);
			path = Helpers;
			sourceTree = "<group>";
		};
		1803C8DD1EF6C5AC00012301 /* Controller */ = {
			isa = PBXGroup;
			children = (
				158700301EF9AF350072531D /* Welcome Screens */,
				1803C8CF1EF6B99800012301 /* AllListsViewController.swift */,
				1845A8F11EF98DA400930F04 /* SettingsViewController.swift */,
				1815191C1EF6F5EF00F157AA /* AddItemViewController.swift */,
				1803C8D31EF6BCBE00012301 /* ShoppingItemViewController.swift */,
				1845A8ED1EF85CF700930F04 /* SearchItemViewController.swift */,
			);
			path = Controller;
			sourceTree = "<group>";
		};
		1803C8E01EF6EB8B00012301 /* View */ = {
			isa = PBXGroup;
			children = (
				1803C8DE1EF6CDFD00012301 /* ListCell.swift */,
				1815191E1EF6FC0700F157AA /* ShoppingItemCell.swift */,
			);
			path = View;
			sourceTree = "<group>";
		};
		1830087E1EF5C0BF0047BBC5 = {
			isa = PBXGroup;
			children = (
				183008891EF5C0BF0047BBC5 /* ShopList */,
				183008881EF5C0BF0047BBC5 /* Products */,
				D41127E07F2FC17B205B4C4D /* Pods */,
				8526504134F83749B9732369 /* Frameworks */,
			);
			sourceTree = "<group>";
		};
		183008881EF5C0BF0047BBC5 /* Products */ = {
			isa = PBXGroup;
			children = (
				183008871EF5C0BF0047BBC5 /* ShopList.app */,
			);
			name = Products;
			sourceTree = "<group>";
		};
		183008891EF5C0BF0047BBC5 /* ShopList */ = {
			isa = PBXGroup;
			children = (
				1830088A1EF5C0BF0047BBC5 /* AppDelegate.swift */,
				15C02D3C1EFADCF1001A7C18 /* Localizable.strings */,
				18F79F901EFAF44600FCEF99 /* InfoPlist.strings */,
				1803C8DB1EF6C59E00012301 /* Model */,
				1803C8E01EF6EB8B00012301 /* View */,
				1803C8DD1EF6C5AC00012301 /* Controller */,
				1803C8DC1EF6C5A200012301 /* Helpers */,
				1830088E1EF5C0BF0047BBC5 /* Main.storyboard */,
				18F79F921EFAFD9C00FCEF99 /* LaunchScreen.storyboard */,
				183008911EF5C0BF0047BBC5 /* Assets.xcassets */,
				1803C8CE1EF6B6D700012301 /* GoogleService-Info.plist */,
				183008961EF5C0BF0047BBC5 /* Info.plist */,
			);
			path = ShopList;
			sourceTree = "<group>";
		};
		8526504134F83749B9732369 /* Frameworks */ = {
			isa = PBXGroup;
			children = (
				81404F97068B4A0265F29BE8 /* Pods_ShopList.framework */,
			);
			name = Frameworks;
			sourceTree = "<group>";
		};
		D41127E07F2FC17B205B4C4D /* Pods */ = {
			isa = PBXGroup;
			children = (
				84602FDDCC1713D08D990DC3 /* Pods-ShopList.debug.xcconfig */,
				68801C07C60A74982C25D409 /* Pods-ShopList.release.xcconfig */,
			);
			name = Pods;
			sourceTree = "<group>";
		};
/* End PBXGroup section */

/* Begin PBXNativeTarget section */
		183008861EF5C0BF0047BBC5 /* ShopList */ = {
			isa = PBXNativeTarget;
			buildConfigurationList = 183008991EF5C0BF0047BBC5 /* Build configuration list for PBXNativeTarget "ShopList" */;
			buildPhases = (
				A894EC90B97ED10FB6B0A2E0 /* [CP] Check Pods Manifest.lock */,
				183008831EF5C0BF0047BBC5 /* Sources */,
				183008841EF5C0BF0047BBC5 /* Frameworks */,
				183008851EF5C0BF0047BBC5 /* Resources */,
				8B2EAA00E4D5E7558159C133 /* [CP] Embed Pods Frameworks */,
				05E6E195FCBA18417389D526 /* [CP] Copy Pods Resources */,
			);
			buildRules = (
			);
			dependencies = (
			);
			name = ShopList;
			productName = ShopList;
			productReference = 183008871EF5C0BF0047BBC5 /* ShopList.app */;
			productType = "com.apple.product-type.application";
		};
/* End PBXNativeTarget section */

/* Begin PBXProject section */
		1830087F1EF5C0BF0047BBC5 /* Project object */ = {
			isa = PBXProject;
			attributes = {
				LastSwiftUpdateCheck = 0900;
				LastUpgradeCheck = 0900;
				ORGANIZATIONNAME = "Anton Novoselov";
				TargetAttributes = {
					183008861EF5C0BF0047BBC5 = {
						CreatedOnToolsVersion = 9.0;
					};
				};
			};
			buildConfigurationList = 183008821EF5C0BF0047BBC5 /* Build configuration list for PBXProject "ShopList" */;
			compatibilityVersion = "Xcode 8.0";
			developmentRegion = en;
			hasScannedForEncodings = 0;
			knownRegions = (
				en,
				Base,
				ru,
			);
			mainGroup = 1830087E1EF5C0BF0047BBC5;
			productRefGroup = 183008881EF5C0BF0047BBC5 /* Products */;
			projectDirPath = "";
			projectRoot = "";
			targets = (
				183008861EF5C0BF0047BBC5 /* ShopList */,
			);
		};
/* End PBXProject section */

/* Begin PBXResourcesBuildPhase section */
		183008851EF5C0BF0047BBC5 /* Resources */ = {
			isa = PBXResourcesBuildPhase;
			buildActionMask = 2147483647;
			files = (
				15C02D3A1EFADCF1001A7C18 /* Localizable.strings in Resources */,
				18F79F8E1EFAF44600FCEF99 /* InfoPlist.strings in Resources */,
				1803C8D21EF6BABC00012301 /* Info.plist in Resources */,
				183008921EF5C0BF0047BBC5 /* Assets.xcassets in Resources */,
				183008901EF5C0BF0047BBC5 /* Main.storyboard in Resources */,
				1803C8D11EF6BA8400012301 /* GoogleService-Info.plist in Resources */,
				18F79F931EFAFD9C00FCEF99 /* LaunchScreen.storyboard in Resources */,
			);
			runOnlyForDeploymentPostprocessing = 0;
		};
/* End PBXResourcesBuildPhase section */

/* Begin PBXShellScriptBuildPhase section */
		05E6E195FCBA18417389D526 /* [CP] Copy Pods Resources */ = {
			isa = PBXShellScriptBuildPhase;
			buildActionMask = 2147483647;
			files = (
			);
			inputPaths = (
			);
			name = "[CP] Copy Pods Resources";
			outputPaths = (
			);
			runOnlyForDeploymentPostprocessing = 0;
			shellPath = /bin/sh;
			shellScript = "\"${SRCROOT}/Pods/Target Support Files/Pods-ShopList/Pods-ShopList-resources.sh\"\n";
			showEnvVarsInLog = 0;
		};
		8B2EAA00E4D5E7558159C133 /* [CP] Embed Pods Frameworks */ = {
			isa = PBXShellScriptBuildPhase;
			buildActionMask = 2147483647;
			files = (
			);
			inputPaths = (
			);
			name = "[CP] Embed Pods Frameworks";
			outputPaths = (
			);
			runOnlyForDeploymentPostprocessing = 0;
			shellPath = /bin/sh;
			shellScript = "\"${SRCROOT}/Pods/Target Support Files/Pods-ShopList/Pods-ShopList-frameworks.sh\"\n";
			showEnvVarsInLog = 0;
		};
		A894EC90B97ED10FB6B0A2E0 /* [CP] Check Pods Manifest.lock */ = {
			isa = PBXShellScriptBuildPhase;
			buildActionMask = 2147483647;
			files = (
			);
			inputPaths = (
			);
			name = "[CP] Check Pods Manifest.lock";
			outputPaths = (
			);
			runOnlyForDeploymentPostprocessing = 0;
			shellPath = /bin/sh;
			shellScript = "diff \"${PODS_ROOT}/../Podfile.lock\" \"${PODS_ROOT}/Manifest.lock\" > /dev/null\nif [ $? != 0 ] ; then\n    # print error to STDERR\n    echo \"error: The sandbox is not in sync with the Podfile.lock. Run 'pod install' or update your CocoaPods installation.\" >&2\n    exit 1\nfi\n";
			showEnvVarsInLog = 0;
		};
/* End PBXShellScriptBuildPhase section */

/* Begin PBXSourcesBuildPhase section */
		183008831EF5C0BF0047BBC5 /* Sources */ = {
			isa = PBXSourcesBuildPhase;
			buildActionMask = 2147483647;
			files = (
				1815191F1EF6FC0700F157AA /* ShoppingItemCell.swift in Sources */,
				1803C8DA1EF6C13700012301 /* Utilities.swift in Sources */,
				1803C8D81EF6C07B00012301 /* Constants.swift in Sources */,
				1803C8D41EF6BCBE00012301 /* ShoppingItemViewController.swift in Sources */,
				1803C8DF1EF6CDFD00012301 /* ListCell.swift in Sources */,
				1845A8EE1EF85CF700930F04 /* SearchItemViewController.swift in Sources */,
				1845A8F01EF85E9800930F04 /* GroceryItem.swift in Sources */,
				1815191B1EF6F0CE00F157AA /* ShoppingItem.swift in Sources */,
				1845A8F21EF98DA400930F04 /* SettingsViewController.swift in Sources */,
				1815191D1EF6F5EF00F157AA /* AddItemViewController.swift in Sources */,
				181519211EF7065900F157AA /* SwipeTableViewHelpers.swift in Sources */,
				1587002F1EF9AF2E0072531D /* SignupViewController.swift in Sources */,
				1845A8EC1EF84EAA00930F04 /* Camera.swift in Sources */,
				1587002D1EF9AF240072531D /* LoginViewController.swift in Sources */,
				1803C8D61EF6BF1700012301 /* ShoppingList.swift in Sources */,
				158700321EF9B1910072531D /* FUser.swift in Sources */,
				1803C8D01EF6B99800012301 /* AllListsViewController.swift in Sources */,
				1830088B1EF5C0BF0047BBC5 /* AppDelegate.swift in Sources */,
			);
			runOnlyForDeploymentPostprocessing = 0;
		};
/* End PBXSourcesBuildPhase section */

/* Begin PBXVariantGroup section */
		15C02D3C1EFADCF1001A7C18 /* Localizable.strings */ = {
			isa = PBXVariantGroup;
			children = (
				15C02D3B1EFADCF1001A7C18 /* ru */,
			);
			name = Localizable.strings;
			sourceTree = "<group>";
		};
		1830088E1EF5C0BF0047BBC5 /* Main.storyboard */ = {
			isa = PBXVariantGroup;
			children = (
				1830088F1EF5C0BF0047BBC5 /* Base */,
				15C02D371EFADCD9001A7C18 /* ru */,
			);
			name = Main.storyboard;
			sourceTree = "<group>";
		};
		18F79F901EFAF44600FCEF99 /* InfoPlist.strings */ = {
			isa = PBXVariantGroup;
			children = (
				18F79F8F1EFAF44600FCEF99 /* en */,
				18F79F911EFAF44D00FCEF99 /* ru */,
			);
			name = InfoPlist.strings;
			sourceTree = "<group>";
		};
/* End PBXVariantGroup section */

/* Begin XCBuildConfiguration section */
		183008971EF5C0BF0047BBC5 /* Debug */ = {
			isa = XCBuildConfiguration;
			buildSettings = {
				ALWAYS_SEARCH_USER_PATHS = NO;
				CLANG_ANALYZER_LOCALIZABILITY_NONLOCALIZED = YES;
				CLANG_ANALYZER_NONNULL = YES;
				CLANG_ANALYZER_NUMBER_OBJECT_CONVERSION = YES_AGGRESSIVE;
				CLANG_CXX_LANGUAGE_STANDARD = "gnu++14";
				CLANG_CXX_LIBRARY = "libc++";
				CLANG_ENABLE_MODULES = YES;
				CLANG_ENABLE_OBJC_ARC = YES;
				CLANG_WARN_BLOCK_CAPTURE_AUTORELEASING = YES;
				CLANG_WARN_BOOL_CONVERSION = YES;
				CLANG_WARN_COMMA = YES;
				CLANG_WARN_CONSTANT_CONVERSION = YES;
				CLANG_WARN_DIRECT_OBJC_ISA_USAGE = YES_ERROR;
				CLANG_WARN_DOCUMENTATION_COMMENTS = YES;
				CLANG_WARN_EMPTY_BODY = YES;
				CLANG_WARN_ENUM_CONVERSION = YES;
				CLANG_WARN_INFINITE_RECURSION = YES;
				CLANG_WARN_INT_CONVERSION = YES;
				CLANG_WARN_OBJC_ROOT_CLASS = YES_ERROR;
				CLANG_WARN_RANGE_LOOP_ANALYSIS = YES;
				CLANG_WARN_STRICT_PROTOTYPES = YES;
				CLANG_WARN_SUSPICIOUS_MOVE = YES;
				CLANG_WARN_UNGUARDED_AVAILABILITY = YES_AGGRESSIVE;
				CLANG_WARN_UNREACHABLE_CODE = YES;
				CLANG_WARN__DUPLICATE_METHOD_MATCH = YES;
				CODE_SIGN_IDENTITY = "iPhone Developer";
				COPY_PHASE_STRIP = NO;
				DEBUG_INFORMATION_FORMAT = dwarf;
				ENABLE_STRICT_OBJC_MSGSEND = YES;
				ENABLE_TESTABILITY = YES;
				GCC_C_LANGUAGE_STANDARD = gnu11;
				GCC_DYNAMIC_NO_PIC = NO;
				GCC_NO_COMMON_BLOCKS = YES;
				GCC_OPTIMIZATION_LEVEL = 0;
				GCC_PREPROCESSOR_DEFINITIONS = (
					"DEBUG=1",
					"$(inherited)",
				);
				GCC_WARN_64_TO_32_BIT_CONVERSION = YES;
				GCC_WARN_ABOUT_RETURN_TYPE = YES_ERROR;
				GCC_WARN_UNDECLARED_SELECTOR = YES;
				GCC_WARN_UNINITIALIZED_AUTOS = YES_AGGRESSIVE;
				GCC_WARN_UNUSED_FUNCTION = YES;
				GCC_WARN_UNUSED_VARIABLE = YES;
				IPHONEOS_DEPLOYMENT_TARGET = 11.0;
				MTL_ENABLE_DEBUG_INFO = YES;
				ONLY_ACTIVE_ARCH = YES;
				SDKROOT = iphoneos;
				SWIFT_ACTIVE_COMPILATION_CONDITIONS = DEBUG;
				SWIFT_OPTIMIZATION_LEVEL = "-Onone";
			};
			name = Debug;
		};
		183008981EF5C0BF0047BBC5 /* Release */ = {
			isa = XCBuildConfiguration;
			buildSettings = {
				ALWAYS_SEARCH_USER_PATHS = NO;
				CLANG_ANALYZER_LOCALIZABILITY_NONLOCALIZED = YES;
				CLANG_ANALYZER_NONNULL = YES;
				CLANG_ANALYZER_NUMBER_OBJECT_CONVERSION = YES_AGGRESSIVE;
				CLANG_CXX_LANGUAGE_STANDARD = "gnu++14";
				CLANG_CXX_LIBRARY = "libc++";
				CLANG_ENABLE_MODULES = YES;
				CLANG_ENABLE_OBJC_ARC = YES;
				CLANG_WARN_BLOCK_CAPTURE_AUTORELEASING = YES;
				CLANG_WARN_BOOL_CONVERSION = YES;
				CLANG_WARN_COMMA = YES;
				CLANG_WARN_CONSTANT_CONVERSION = YES;
				CLANG_WARN_DIRECT_OBJC_ISA_USAGE = YES_ERROR;
				CLANG_WARN_DOCUMENTATION_COMMENTS = YES;
				CLANG_WARN_EMPTY_BODY = YES;
				CLANG_WARN_ENUM_CONVERSION = YES;
				CLANG_WARN_INFINITE_RECURSION = YES;
				CLANG_WARN_INT_CONVERSION = YES;
				CLANG_WARN_OBJC_ROOT_CLASS = YES_ERROR;
				CLANG_WARN_RANGE_LOOP_ANALYSIS = YES;
				CLANG_WARN_STRICT_PROTOTYPES = YES;
				CLANG_WARN_SUSPICIOUS_MOVE = YES;
				CLANG_WARN_UNGUARDED_AVAILABILITY = YES_AGGRESSIVE;
				CLANG_WARN_UNREACHABLE_CODE = YES;
				CLANG_WARN__DUPLICATE_METHOD_MATCH = YES;
				CODE_SIGN_IDENTITY = "iPhone Developer";
				COPY_PHASE_STRIP = NO;
				DEBUG_INFORMATION_FORMAT = "dwarf-with-dsym";
				ENABLE_NS_ASSERTIONS = NO;
				ENABLE_STRICT_OBJC_MSGSEND = YES;
				GCC_C_LANGUAGE_STANDARD = gnu11;
				GCC_NO_COMMON_BLOCKS = YES;
				GCC_WARN_64_TO_32_BIT_CONVERSION = YES;
				GCC_WARN_ABOUT_RETURN_TYPE = YES_ERROR;
				GCC_WARN_UNDECLARED_SELECTOR = YES;
				GCC_WARN_UNINITIALIZED_AUTOS = YES_AGGRESSIVE;
				GCC_WARN_UNUSED_FUNCTION = YES;
				GCC_WARN_UNUSED_VARIABLE = YES;
				IPHONEOS_DEPLOYMENT_TARGET = 11.0;
				MTL_ENABLE_DEBUG_INFO = NO;
				SDKROOT = iphoneos;
				SWIFT_OPTIMIZATION_LEVEL = "-Owholemodule";
				VALIDATE_PRODUCT = YES;
			};
			name = Release;
		};
		1830089A1EF5C0BF0047BBC5 /* Debug */ = {
			isa = XCBuildConfiguration;
			baseConfigurationReference = 84602FDDCC1713D08D990DC3 /* Pods-ShopList.debug.xcconfig */;
			buildSettings = {
				ASSETCATALOG_COMPILER_APPICON_NAME = AppIcon;
				DEVELOPMENT_TEAM = 358V8FBM3U;
				INFOPLIST_FILE = ShopList/Info.plist;
				LD_RUNPATH_SEARCH_PATHS = "$(inherited) @executable_path/Frameworks";
				PRODUCT_BUNDLE_IDENTIFIER = com.antonnovoselov.ShopList;
				PRODUCT_NAME = "$(TARGET_NAME)";
				SWIFT_VERSION = 4.0;
				TARGETED_DEVICE_FAMILY = "1,2";
			};
			name = Debug;
		};
		1830089B1EF5C0BF0047BBC5 /* Release */ = {
			isa = XCBuildConfiguration;
			baseConfigurationReference = 68801C07C60A74982C25D409 /* Pods-ShopList.release.xcconfig */;
			buildSettings = {
				ASSETCATALOG_COMPILER_APPICON_NAME = AppIcon;
				DEVELOPMENT_TEAM = 358V8FBM3U;
				INFOPLIST_FILE = ShopList/Info.plist;
				LD_RUNPATH_SEARCH_PATHS = "$(inherited) @executable_path/Frameworks";
				PRODUCT_BUNDLE_IDENTIFIER = com.antonnovoselov.ShopList;
				PRODUCT_NAME = "$(TARGET_NAME)";
				SWIFT_VERSION = 4.0;
				TARGETED_DEVICE_FAMILY = "1,2";
			};
			name = Release;
		};
/* End XCBuildConfiguration section */

/* Begin XCConfigurationList section */
		183008821EF5C0BF0047BBC5 /* Build configuration list for PBXProject "ShopList" */ = {
			isa = XCConfigurationList;
			buildConfigurations = (
				183008971EF5C0BF0047BBC5 /* Debug */,
				183008981EF5C0BF0047BBC5 /* Release */,
			);
			defaultConfigurationIsVisible = 0;
			defaultConfigurationName = Release;
		};
		183008991EF5C0BF0047BBC5 /* Build configuration list for PBXNativeTarget "ShopList" */ = {
			isa = XCConfigurationList;
			buildConfigurations = (
				1830089A1EF5C0BF0047BBC5 /* Debug */,
				1830089B1EF5C0BF0047BBC5 /* Release */,
			);
			defaultConfigurationIsVisible = 0;
			defaultConfigurationName = Release;
		};
/* End XCConfigurationList section */
	};
	rootObject = 1830087F1EF5C0BF0047BBC5 /* Project object */;
}
